
Microsoft Visual Studio Solution File, Format Version 12.00
# Visual Studio Version 16
VisualStudioVersion = 16.0.31410.357
MinimumVisualStudioVersion = 10.0.40219.1
Project("{FAE04EC0-301F-11D3-BF4B-00C04F79EFBC}") = "AutoPriority", "AutoPriority.csproj", "{D10A5FF3-1146-464C-805D-74A8DC957F82}"
EndProject
Global
	GlobalSection(SolutionConfigurationPlatforms) = preSolution
		Debug|Any CPU = Debug|Any CPU
		Release|Any CPU = Release|Any CPU
	EndGlobalSection
	GlobalSection(ProjectConfigurationPlatforms) = postSolution
		{D10A5FF3-1146-464C-805D-74A8DC957F82}.Debug|Any CPU.ActiveCfg = Debug|Any CPU
		{D10A5FF3-1146-464C-805D-74A8DC957F82}.Debug|Any CPU.Build.0 = Debug|Any CPU
		{D10A5FF3-1146-464C-805D-74A8DC957F82}.Release|Any CPU.ActiveCfg = Release|Any CPU
		{D10A5FF3-1146-464C-805D-74A8DC957F82}.Release|Any CPU.Build.0 = Release|Any CPU
	EndGlobalSection
	GlobalSection(SolutionProperties) = preSolution
		HideSolutionNode = FALSE
	EndGlobalSection
	GlobalSection(ExtensibilityGlobals) = postSolution
		SolutionGuid = {D3A44634-4DCD-4802-B14A-0293D79899CF}
	EndGlobalSection
EndGlobal
